
Microsoft Visual Studio Solution File, Format Version 12.00
# Visual Studio Version 16
VisualStudioVersion = 16.0.30406.217
MinimumVisualStudioVersion = 10.0.40219.1
Project("{FAE04EC0-301F-11D3-BF4B-00C04F79EFBC}") = "HomeBudgetApp.Domain", "HomeBudgetApp.Domain\HomeBudgetApp.Domain.csproj", "{58BD4C94-6E76-46DD-9AAB-DD2F4ED37DEC}"
EndProject
Project("{FAE04EC0-301F-11D3-BF4B-00C04F79EFBC}") = "HomeBudgetApp.Data", "HomeBudgetApp.Data\HomeBudgetApp.Data.csproj", "{EB865963-9DAB-40CE-B69B-BD7ACBF95DF9}"
EndProject
Project("{FAE04EC0-301F-11D3-BF4B-00C04F79EFBC}") = "HomeBudgetApp.WebApp", "HomeBudgetApp.WebApp\HomeBudgetApp.WebApp.csproj", "{F3121CDD-C790-44A6-A630-86BDA4EB9947}"
EndProject
Global
	GlobalSection(SolutionConfigurationPlatforms) = preSolution
		Debug|Any CPU = Debug|Any CPU
		Release|Any CPU = Release|Any CPU
	EndGlobalSection
	GlobalSection(ProjectConfigurationPlatforms) = postSolution
		{58BD4C94-6E76-46DD-9AAB-DD2F4ED37DEC}.Debug|Any CPU.ActiveCfg = Debug|Any CPU
		{58BD4C94-6E76-46DD-9AAB-DD2F4ED37DEC}.Debug|Any CPU.Build.0 = Debug|Any CPU
		{58BD4C94-6E76-46DD-9AAB-DD2F4ED37DEC}.Release|Any CPU.ActiveCfg = Release|Any CPU
		{58BD4C94-6E76-46DD-9AAB-DD2F4ED37DEC}.Release|Any CPU.Build.0 = Release|Any CPU
		{EB865963-9DAB-40CE-B69B-BD7ACBF95DF9}.Debug|Any CPU.ActiveCfg = Debug|Any CPU
		{EB865963-9DAB-40CE-B69B-BD7ACBF95DF9}.Debug|Any CPU.Build.0 = Debug|Any CPU
		{EB865963-9DAB-40CE-B69B-BD7ACBF95DF9}.Release|Any CPU.ActiveCfg = Release|Any CPU
		{EB865963-9DAB-40CE-B69B-BD7ACBF95DF9}.Release|Any CPU.Build.0 = Release|Any CPU
		{F3121CDD-C790-44A6-A630-86BDA4EB9947}.Debug|Any CPU.ActiveCfg = Debug|Any CPU
		{F3121CDD-C790-44A6-A630-86BDA4EB9947}.Debug|Any CPU.Build.0 = Debug|Any CPU
		{F3121CDD-C790-44A6-A630-86BDA4EB9947}.Release|Any CPU.ActiveCfg = Release|Any CPU
		{F3121CDD-C790-44A6-A630-86BDA4EB9947}.Release|Any CPU.Build.0 = Release|Any CPU
	EndGlobalSection
	GlobalSection(SolutionProperties) = preSolution
		HideSolutionNode = FALSE
	EndGlobalSection
	GlobalSection(ExtensibilityGlobals) = postSolution
		SolutionGuid = {13AA38BA-7D80-4980-BFBA-4F62B53A21F2}
	EndGlobalSection
EndGlobal
